{
  "version": 4,
  "terraform_version": "1.0.10",
  "serial": 189,
  "lineage": "dcb6792c-914e-8572-1cee-58a253031530",
  "outputs": {},
  "resources": [
    {
      "mode": "managed",
      "type": "azurerm_network_interface",
      "name": "app-nic",
      "provider": "provider[\"registry.terraform.io/hashicorp/azurerm\"]",
      "instances": [
        {
          "schema_version": 0,
          "attributes": {
            "applied_dns_servers": [],
            "dns_servers": [],
            "enable_accelerated_networking": false,
            "enable_ip_forwarding": false,
            "id": "/subscriptions/a4eb61eb-ad5f-4518-b379-59eab4d2a97f/resourceGroups/mls-basicrg/providers/Microsoft.Network/networkInterfaces/mls-app-nic",
            "internal_dns_name_label": "",
            "internal_domain_name_suffix": "wnsygugeoxqu1n1odpvmteexdf.bx.internal.cloudapp.net",
            "ip_configuration": [
              {
                "gateway_load_balancer_frontend_ip_configuration_id": "",
                "name": "app-ip",
                "primary": true,
                "private_ip_address": "10.30.2.5",
                "private_ip_address_allocation": "Static",
                "private_ip_address_version": "IPv4",
                "public_ip_address_id": "",
                "subnet_id": "/subscriptions/a4eb61eb-ad5f-4518-b379-59eab4d2a97f/resourceGroups/mls-basicrg/providers/Microsoft.Network/virtualNetworks/mls-vnet/subnets/mls-app-subnet"
              }
            ],
            "location": "eastus",
            "mac_address": "00-22-48-1C-0C-BF",
            "name": "mls-app-nic",
            "private_ip_address": "10.30.2.5",
            "private_ip_addresses": [
              "10.30.2.5"
            ],
            "resource_group_name": "mls-basicrg",
            "tags": {
              "Business Unit": "IT",
              "Owner": "Tej",
              "environment": "Dev"
            },
            "timeouts": null,
            "virtual_machine_id": "/subscriptions/a4eb61eb-ad5f-4518-b379-59eab4d2a97f/resourceGroups/mls-basicrg/providers/Microsoft.Compute/virtualMachines/app-vm"
          },
          "sensitive_attributes": [],
          "private": "eyJlMmJmYjczMC1lY2FhLTExZTYtOGY4OC0zNDM2M2JjN2M0YzAiOnsiY3JlYXRlIjoxODAwMDAwMDAwMDAwLCJkZWxldGUiOjE4MDAwMDAwMDAwMDAsInJlYWQiOjMwMDAwMDAwMDAwMCwidXBkYXRlIjoxODAwMDAwMDAwMDAwfX0=",
          "dependencies": [
            "azurerm_subnet.app-subnet",
            "azurerm_virtual_network.vnet",
            "azurerm_resource_group.basicrg"
          ]
        }
      ]
    },
    {
      "mode": "managed",
      "type": "azurerm_network_interface",
      "name": "bastion-nic",
      "provider": "provider[\"registry.terraform.io/hashicorp/azurerm\"]",
      "instances": [
        {
          "schema_version": 0,
          "attributes": {
            "applied_dns_servers": [],
            "dns_servers": [],
            "enable_accelerated_networking": false,
            "enable_ip_forwarding": false,
            "id": "/subscriptions/a4eb61eb-ad5f-4518-b379-59eab4d2a97f/resourceGroups/mls-basicrg/providers/Microsoft.Network/networkInterfaces/mls-bastion-nic",
            "internal_dns_name_label": "",
            "internal_domain_name_suffix": "wnsygugeoxqu1n1odpvmteexdf.bx.internal.cloudapp.net",
            "ip_configuration": [
              {
                "gateway_load_balancer_frontend_ip_configuration_id": "",
                "name": "mls-bastion-pip",
                "primary": true,
                "private_ip_address": "10.20.1.4",
                "private_ip_address_allocation": "Dynamic",
                "private_ip_address_version": "IPv4",
                "public_ip_address_id": "/subscriptions/a4eb61eb-ad5f-4518-b379-59eab4d2a97f/resourceGroups/mls-basicrg/providers/Microsoft.Network/publicIPAddresses/mls-bastion-pip",
                "subnet_id": "/subscriptions/a4eb61eb-ad5f-4518-b379-59eab4d2a97f/resourceGroups/mls-basicrg/providers/Microsoft.Network/virtualNetworks/mls-vnet/subnets/mls-bastion-subnet"
              }
            ],
            "location": "eastus",
            "mac_address": "00-0D-3A-4E-B9-4A",
            "name": "mls-bastion-nic",
            "private_ip_address": "10.20.1.4",
            "private_ip_addresses": [
              "10.20.1.4"
            ],
            "resource_group_name": "mls-basicrg",
            "tags": {
              "Business Unit": "IT",
              "Owner": "Tej",
              "environment": "Dev"
            },
            "timeouts": null,
            "virtual_machine_id": "/subscriptions/a4eb61eb-ad5f-4518-b379-59eab4d2a97f/resourceGroups/mls-basicrg/providers/Microsoft.Compute/virtualMachines/mls-bastion-vm"
          },
          "sensitive_attributes": [],
          "private": "eyJlMmJmYjczMC1lY2FhLTExZTYtOGY4OC0zNDM2M2JjN2M0YzAiOnsiY3JlYXRlIjoxODAwMDAwMDAwMDAwLCJkZWxldGUiOjE4MDAwMDAwMDAwMDAsInJlYWQiOjMwMDAwMDAwMDAwMCwidXBkYXRlIjoxODAwMDAwMDAwMDAwfX0=",
          "dependencies": [
            "azurerm_public_ip.bastion-pip",
            "azurerm_resource_group.basicrg",
            "azurerm_subnet.bastion-subnet",
            "azurerm_virtual_network.vnet"
          ]
        }
      ]
    },
    {
      "mode": "managed",
      "type": "azurerm_network_interface",
      "name": "web-nic",
      "provider": "provider[\"registry.terraform.io/hashicorp/azurerm\"]",
      "instances": [
        {
          "schema_version": 0,
          "attributes": {
            "applied_dns_servers": [],
            "dns_servers": [],
            "enable_accelerated_networking": false,
            "enable_ip_forwarding": false,
            "id": "/subscriptions/a4eb61eb-ad5f-4518-b379-59eab4d2a97f/resourceGroups/mls-basicrg/providers/Microsoft.Network/networkInterfaces/mls-web-nic",
            "internal_dns_name_label": "",
            "internal_domain_name_suffix": "wnsygugeoxqu1n1odpvmteexdf.bx.internal.cloudapp.net",
            "ip_configuration": [
              {
                "gateway_load_balancer_frontend_ip_configuration_id": "",
                "name": "mls-web-pip",
                "primary": true,
                "private_ip_address": "10.30.1.4",
                "private_ip_address_allocation": "Dynamic",
                "private_ip_address_version": "IPv4",
                "public_ip_address_id": "/subscriptions/a4eb61eb-ad5f-4518-b379-59eab4d2a97f/resourceGroups/mls-basicrg/providers/Microsoft.Network/publicIPAddresses/mls-web-pip",
                "subnet_id": "/subscriptions/a4eb61eb-ad5f-4518-b379-59eab4d2a97f/resourceGroups/mls-basicrg/providers/Microsoft.Network/virtualNetworks/mls-vnet/subnets/mls-web-subnet"
              }
            ],
            "location": "eastus",
            "mac_address": "",
            "name": "mls-web-nic",
            "private_ip_address": "10.30.1.4",
            "private_ip_addresses": [
              "10.30.1.4"
            ],
            "resource_group_name": "mls-basicrg",
            "tags": {
              "Business Unit": "IT",
              "Owner": "Tej",
              "environment": "Dev"
            },
            "timeouts": null,
            "virtual_machine_id": ""
          },
          "sensitive_attributes": [],
          "private": "eyJlMmJmYjczMC1lY2FhLTExZTYtOGY4OC0zNDM2M2JjN2M0YzAiOnsiY3JlYXRlIjoxODAwMDAwMDAwMDAwLCJkZWxldGUiOjE4MDAwMDAwMDAwMDAsInJlYWQiOjMwMDAwMDAwMDAwMCwidXBkYXRlIjoxODAwMDAwMDAwMDAwfX0=",
          "dependencies": [
            "azurerm_resource_group.basicrg",
            "azurerm_subnet.web-subnet",
            "azurerm_virtual_network.vnet",
            "azurerm_public_ip.web-pip"
          ]
        }
      ]
    },
    {
      "mode": "managed",
      "type": "azurerm_network_security_group",
      "name": "app-nsg",
      "provider": "provider[\"registry.terraform.io/hashicorp/azurerm\"]",
      "instances": [
        {
          "schema_version": 0,
          "attributes": {
            "id": "/subscriptions/a4eb61eb-ad5f-4518-b379-59eab4d2a97f/resourceGroups/mls-basicrg/providers/Microsoft.Network/networkSecurityGroups/mls-app-nsg",
            "location": "eastus",
            "name": "mls-app-nsg",
            "resource_group_name": "mls-basicrg",
            "security_rule": [
              {
                "access": "Allow",
                "description": "",
                "destination_address_prefix": "*",
                "destination_address_prefixes": [],
                "destination_application_security_group_ids": [],
                "destination_port_range": "22",
                "destination_port_ranges": [],
                "direction": "Inbound",
                "name": "SSH_Port_Open",
                "priority": 1000,
                "protocol": "Tcp",
                "source_address_prefix": "49.206.55.34",
                "source_address_prefixes": [],
                "source_application_security_group_ids": [],
                "source_port_range": "*",
                "source_port_ranges": []
              }
            ],
            "tags": {
              "Business Unit": "IT",
              "Owner": "Tej",
              "environment": "Dev"
            },
            "timeouts": null
          },
          "sensitive_attributes": [],
          "private": "eyJlMmJmYjczMC1lY2FhLTExZTYtOGY4OC0zNDM2M2JjN2M0YzAiOnsiY3JlYXRlIjoxODAwMDAwMDAwMDAwLCJkZWxldGUiOjE4MDAwMDAwMDAwMDAsInJlYWQiOjMwMDAwMDAwMDAwMCwidXBkYXRlIjoxODAwMDAwMDAwMDAwfX0=",
          "dependencies": [
            "azurerm_resource_group.basicrg"
          ]
        }
      ]
    },
    {
      "mode": "managed",
      "type": "azurerm_network_security_group",
      "name": "bastion-nsg",
      "provider": "provider[\"registry.terraform.io/hashicorp/azurerm\"]",
      "instances": [
        {
          "schema_version": 0,
          "attributes": {
            "id": "/subscriptions/a4eb61eb-ad5f-4518-b379-59eab4d2a97f/resourceGroups/mls-basicrg/providers/Microsoft.Network/networkSecurityGroups/mls-bastion-nsg",
            "location": "eastus",
            "name": "mls-bastion-nsg",
            "resource_group_name": "mls-basicrg",
            "security_rule": [
              {
                "access": "Allow",
                "description": "",
                "destination_address_prefix": "*",
                "destination_address_prefixes": [],
                "destination_application_security_group_ids": [],
                "destination_port_range": "3389",
                "destination_port_ranges": [],
                "direction": "Inbound",
                "name": "RDP_Access",
                "priority": 1000,
                "protocol": "Tcp",
                "source_address_prefix": "49.206.55.34",
                "source_address_prefixes": [],
                "source_application_security_group_ids": [],
                "source_port_range": "*",
                "source_port_ranges": []
              }
            ],
            "tags": {
              "Business Unit": "IT",
              "Owner": "Tej",
              "environment": "Dev"
            },
            "timeouts": null
          },
          "sensitive_attributes": [],
          "private": "eyJlMmJmYjczMC1lY2FhLTExZTYtOGY4OC0zNDM2M2JjN2M0YzAiOnsiY3JlYXRlIjoxODAwMDAwMDAwMDAwLCJkZWxldGUiOjE4MDAwMDAwMDAwMDAsInJlYWQiOjMwMDAwMDAwMDAwMCwidXBkYXRlIjoxODAwMDAwMDAwMDAwfX0=",
          "dependencies": [
            "azurerm_resource_group.basicrg"
          ]
        }
      ]
    },
    {
      "mode": "managed",
      "type": "azurerm_network_security_group",
      "name": "web-nsg",
      "provider": "provider[\"registry.terraform.io/hashicorp/azurerm\"]",
      "instances": [
        {
          "schema_version": 0,
          "attributes": {
            "id": "/subscriptions/a4eb61eb-ad5f-4518-b379-59eab4d2a97f/resourceGroups/mls-basicrg/providers/Microsoft.Network/networkSecurityGroups/mls-web-nsg",
            "location": "eastus",
            "name": "mls-web-nsg",
            "resource_group_name": "mls-basicrg",
            "security_rule": [
              {
                "access": "Allow",
                "description": "",
                "destination_address_prefix": "*",
                "destination_address_prefixes": [],
                "destination_application_security_group_ids": [],
                "destination_port_range": "22",
                "destination_port_ranges": [],
                "direction": "Inbound",
                "name": "SSH_Port_Open",
                "priority": 1000,
                "protocol": "Tcp",
                "source_address_prefix": "49.206.55.34",
                "source_address_prefixes": [],
                "source_application_security_group_ids": [],
                "source_port_range": "*",
                "source_port_ranges": []
              }
            ],
            "tags": {
              "Business Unit": "IT",
              "Owner": "Tej",
              "environment": "Dev"
            },
            "timeouts": null
          },
          "sensitive_attributes": [],
          "private": "eyJlMmJmYjczMC1lY2FhLTExZTYtOGY4OC0zNDM2M2JjN2M0YzAiOnsiY3JlYXRlIjoxODAwMDAwMDAwMDAwLCJkZWxldGUiOjE4MDAwMDAwMDAwMDAsInJlYWQiOjMwMDAwMDAwMDAwMCwidXBkYXRlIjoxODAwMDAwMDAwMDAwfX0=",
          "dependencies": [
            "azurerm_resource_group.basicrg"
          ]
        }
      ]
    },
    {
      "mode": "managed",
      "type": "azurerm_network_security_rule",
      "name": "app-ssh",
      "provider": "provider[\"registry.terraform.io/hashicorp/azurerm\"]",
      "instances": [
        {
          "schema_version": 0,
          "attributes": {
            "access": "Allow",
            "description": "",
            "destination_address_prefix": "*",
            "destination_address_prefixes": [],
            "destination_application_security_group_ids": [],
            "destination_port_range": "22",
            "destination_port_ranges": [],
            "direction": "Inbound",
            "id": "/subscriptions/a4eb61eb-ad5f-4518-b379-59eab4d2a97f/resourceGroups/mls-basicrg/providers/Microsoft.Network/networkSecurityGroups/mls-app-nsg/securityRules/SSH_Port_Open",
            "name": "SSH_Port_Open",
            "network_security_group_name": "mls-app-nsg",
            "priority": 1000,
            "protocol": "Tcp",
            "resource_group_name": "mls-basicrg",
            "source_address_prefix": "49.206.55.34",
            "source_address_prefixes": [],
            "source_application_security_group_ids": [],
            "source_port_range": "*",
            "source_port_ranges": [],
            "timeouts": null
          },
          "sensitive_attributes": [],
          "private": "eyJlMmJmYjczMC1lY2FhLTExZTYtOGY4OC0zNDM2M2JjN2M0YzAiOnsiY3JlYXRlIjoxODAwMDAwMDAwMDAwLCJkZWxldGUiOjE4MDAwMDAwMDAwMDAsInJlYWQiOjMwMDAwMDAwMDAwMCwidXBkYXRlIjoxODAwMDAwMDAwMDAwfX0=",
          "dependencies": [
            "azurerm_network_security_group.app-nsg",
            "azurerm_resource_group.basicrg"
          ]
        }
      ]
    },
    {
      "mode": "managed",
      "type": "azurerm_network_security_rule",
      "name": "bastion-rdp",
      "provider": "provider[\"registry.terraform.io/hashicorp/azurerm\"]",
      "instances": [
        {
          "schema_version": 0,
          "attributes": {
            "access": "Allow",
            "description": "",
            "destination_address_prefix": "*",
            "destination_address_prefixes": [],
            "destination_application_security_group_ids": [],
            "destination_port_range": "3389",
            "destination_port_ranges": [],
            "direction": "Inbound",
            "id": "/subscriptions/a4eb61eb-ad5f-4518-b379-59eab4d2a97f/resourceGroups/mls-basicrg/providers/Microsoft.Network/networkSecurityGroups/mls-bastion-nsg/securityRules/RDP_Access",
            "name": "RDP_Access",
            "network_security_group_name": "mls-bastion-nsg",
            "priority": 1000,
            "protocol": "Tcp",
            "resource_group_name": "mls-basicrg",
            "source_address_prefix": "49.206.55.34",
            "source_address_prefixes": [],
            "source_application_security_group_ids": [],
            "source_port_range": "*",
            "source_port_ranges": [],
            "timeouts": null
          },
          "sensitive_attributes": [],
          "private": "eyJlMmJmYjczMC1lY2FhLTExZTYtOGY4OC0zNDM2M2JjN2M0YzAiOnsiY3JlYXRlIjoxODAwMDAwMDAwMDAwLCJkZWxldGUiOjE4MDAwMDAwMDAwMDAsInJlYWQiOjMwMDAwMDAwMDAwMCwidXBkYXRlIjoxODAwMDAwMDAwMDAwfX0=",
          "dependencies": [
            "azurerm_network_security_group.bastion-nsg",
            "azurerm_resource_group.basicrg"
          ]
        }
      ]
    },
    {
      "mode": "managed",
      "type": "azurerm_network_security_rule",
      "name": "web-ssh",
      "provider": "provider[\"registry.terraform.io/hashicorp/azurerm\"]",
      "instances": [
        {
          "schema_version": 0,
          "attributes": {
            "access": "Allow",
            "description": "",
            "destination_address_prefix": "*",
            "destination_address_prefixes": [],
            "destination_application_security_group_ids": [],
            "destination_port_range": "22",
            "destination_port_ranges": [],
            "direction": "Inbound",
            "id": "/subscriptions/a4eb61eb-ad5f-4518-b379-59eab4d2a97f/resourceGroups/mls-basicrg/providers/Microsoft.Network/networkSecurityGroups/mls-web-nsg/securityRules/SSH_Port_Open",
            "name": "SSH_Port_Open",
            "network_security_group_name": "mls-web-nsg",
            "priority": 1000,
            "protocol": "Tcp",
            "resource_group_name": "mls-basicrg",
            "source_address_prefix": "49.206.55.34",
            "source_address_prefixes": [],
            "source_application_security_group_ids": [],
            "source_port_range": "*",
            "source_port_ranges": [],
            "timeouts": null
          },
          "sensitive_attributes": [],
          "private": "eyJlMmJmYjczMC1lY2FhLTExZTYtOGY4OC0zNDM2M2JjN2M0YzAiOnsiY3JlYXRlIjoxODAwMDAwMDAwMDAwLCJkZWxldGUiOjE4MDAwMDAwMDAwMDAsInJlYWQiOjMwMDAwMDAwMDAwMCwidXBkYXRlIjoxODAwMDAwMDAwMDAwfX0=",
          "dependencies": [
            "azurerm_network_security_group.web-nsg",
            "azurerm_resource_group.basicrg"
          ]
        }
      ]
    },
    {
      "mode": "managed",
      "type": "azurerm_public_ip",
      "name": "bastion-pip",
      "provider": "provider[\"registry.terraform.io/hashicorp/azurerm\"]",
      "instances": [
        {
          "schema_version": 0,
          "attributes": {
            "allocation_method": "Dynamic",
            "availability_zone": "No-Zone",
            "domain_name_label": null,
            "fqdn": null,
            "id": "/subscriptions/a4eb61eb-ad5f-4518-b379-59eab4d2a97f/resourceGroups/mls-basicrg/providers/Microsoft.Network/publicIPAddresses/mls-bastion-pip",
            "idle_timeout_in_minutes": 4,
            "ip_address": "52.152.132.63",
            "ip_tags": {},
            "ip_version": "IPv4",
            "location": "eastus",
            "name": "mls-bastion-pip",
            "public_ip_prefix_id": null,
            "resource_group_name": "mls-basicrg",
            "reverse_fqdn": null,
            "sku": "Basic",
            "sku_tier": "Regional",
            "tags": {
              "Business Unit": "IT",
              "Owner": "Tej",
              "environment": "Dev"
            },
            "timeouts": null,
            "zones": []
          },
          "sensitive_attributes": [],
          "private": "eyJlMmJmYjczMC1lY2FhLTExZTYtOGY4OC0zNDM2M2JjN2M0YzAiOnsiY3JlYXRlIjoxODAwMDAwMDAwMDAwLCJkZWxldGUiOjE4MDAwMDAwMDAwMDAsInJlYWQiOjMwMDAwMDAwMDAwMCwidXBkYXRlIjoxODAwMDAwMDAwMDAwfX0=",
          "dependencies": [
            "azurerm_resource_group.basicrg"
          ]
        }
      ]
    },
    {
      "mode": "managed",
      "type": "azurerm_public_ip",
      "name": "web-pip",
      "provider": "provider[\"registry.terraform.io/hashicorp/azurerm\"]",
      "instances": [
        {
          "schema_version": 0,
          "attributes": {
            "allocation_method": "Dynamic",
            "availability_zone": "No-Zone",
            "domain_name_label": null,
            "fqdn": null,
            "id": "/subscriptions/a4eb61eb-ad5f-4518-b379-59eab4d2a97f/resourceGroups/mls-basicrg/providers/Microsoft.Network/publicIPAddresses/mls-web-pip",
            "idle_timeout_in_minutes": 4,
            "ip_address": "",
            "ip_tags": {},
            "ip_version": "IPv4",
            "location": "eastus",
            "name": "mls-web-pip",
            "public_ip_prefix_id": null,
            "resource_group_name": "mls-basicrg",
            "reverse_fqdn": null,
            "sku": "Basic",
            "sku_tier": "Regional",
            "tags": {
              "Business Unit": "IT",
              "Owner": "Tej",
              "environment": "Dev"
            },
            "timeouts": null,
            "zones": []
          },
          "sensitive_attributes": [],
          "private": "eyJlMmJmYjczMC1lY2FhLTExZTYtOGY4OC0zNDM2M2JjN2M0YzAiOnsiY3JlYXRlIjoxODAwMDAwMDAwMDAwLCJkZWxldGUiOjE4MDAwMDAwMDAwMDAsInJlYWQiOjMwMDAwMDAwMDAwMCwidXBkYXRlIjoxODAwMDAwMDAwMDAwfX0=",
          "dependencies": [
            "azurerm_resource_group.basicrg"
          ]
        }
      ]
    },
    {
      "mode": "managed",
      "type": "azurerm_resource_group",
      "name": "basicrg",
      "provider": "provider[\"registry.terraform.io/hashicorp/azurerm\"]",
      "instances": [
        {
          "schema_version": 0,
          "attributes": {
            "id": "/subscriptions/a4eb61eb-ad5f-4518-b379-59eab4d2a97f/resourceGroups/mls-basicrg",
            "location": "eastus",
            "name": "mls-basicrg",
            "tags": {
              "Business Unit": "IT",
              "Owner": "Tej",
              "environment": "Dev"
            },
            "timeouts": null
          },
          "sensitive_attributes": [],
          "private": "eyJlMmJmYjczMC1lY2FhLTExZTYtOGY4OC0zNDM2M2JjN2M0YzAiOnsiY3JlYXRlIjo1NDAwMDAwMDAwMDAwLCJkZWxldGUiOjU0MDAwMDAwMDAwMDAsInJlYWQiOjMwMDAwMDAwMDAwMCwidXBkYXRlIjo1NDAwMDAwMDAwMDAwfX0="
        }
      ]
    },
    {
      "mode": "managed",
      "type": "azurerm_subnet",
      "name": "app-subnet",
      "provider": "provider[\"registry.terraform.io/hashicorp/azurerm\"]",
      "instances": [
        {
          "schema_version": 0,
          "attributes": {
            "address_prefix": "10.30.2.0/24",
            "address_prefixes": [
              "10.30.2.0/24"
            ],
            "delegation": [],
            "enforce_private_link_endpoint_network_policies": false,
            "enforce_private_link_service_network_policies": false,
            "id": "/subscriptions/a4eb61eb-ad5f-4518-b379-59eab4d2a97f/resourceGroups/mls-basicrg/providers/Microsoft.Network/virtualNetworks/mls-vnet/subnets/mls-app-subnet",
            "name": "mls-app-subnet",
            "resource_group_name": "mls-basicrg",
            "service_endpoint_policy_ids": [],
            "service_endpoints": [],
            "timeouts": null,
            "virtual_network_name": "mls-vnet"
          },
          "sensitive_attributes": [],
          "private": "eyJlMmJmYjczMC1lY2FhLTExZTYtOGY4OC0zNDM2M2JjN2M0YzAiOnsiY3JlYXRlIjoxODAwMDAwMDAwMDAwLCJkZWxldGUiOjE4MDAwMDAwMDAwMDAsInJlYWQiOjMwMDAwMDAwMDAwMCwidXBkYXRlIjoxODAwMDAwMDAwMDAwfX0=",
          "dependencies": [
            "azurerm_resource_group.basicrg",
            "azurerm_virtual_network.vnet"
          ]
        }
      ]
    },
    {
      "mode": "managed",
      "type": "azurerm_subnet",
      "name": "bastion-subnet",
      "provider": "provider[\"registry.terraform.io/hashicorp/azurerm\"]",
      "instances": [
        {
          "schema_version": 0,
          "attributes": {
            "address_prefix": "10.20.1.0/24",
            "address_prefixes": [
              "10.20.1.0/24"
            ],
            "delegation": [],
            "enforce_private_link_endpoint_network_policies": false,
            "enforce_private_link_service_network_policies": false,
            "id": "/subscriptions/a4eb61eb-ad5f-4518-b379-59eab4d2a97f/resourceGroups/mls-basicrg/providers/Microsoft.Network/virtualNetworks/mls-vnet/subnets/mls-bastion-subnet",
            "name": "mls-bastion-subnet",
            "resource_group_name": "mls-basicrg",
            "service_endpoint_policy_ids": [],
            "service_endpoints": [],
            "timeouts": null,
            "virtual_network_name": "mls-vnet"
          },
          "sensitive_attributes": [],
          "private": "eyJlMmJmYjczMC1lY2FhLTExZTYtOGY4OC0zNDM2M2JjN2M0YzAiOnsiY3JlYXRlIjoxODAwMDAwMDAwMDAwLCJkZWxldGUiOjE4MDAwMDAwMDAwMDAsInJlYWQiOjMwMDAwMDAwMDAwMCwidXBkYXRlIjoxODAwMDAwMDAwMDAwfX0=",
          "dependencies": [
            "azurerm_resource_group.basicrg",
            "azurerm_virtual_network.vnet"
          ]
        }
      ]
    },
    {
      "mode": "managed",
      "type": "azurerm_subnet",
      "name": "web-subnet",
      "provider": "provider[\"registry.terraform.io/hashicorp/azurerm\"]",
      "instances": [
        {
          "schema_version": 0,
          "attributes": {
            "address_prefix": "10.30.1.0/24",
            "address_prefixes": [
              "10.30.1.0/24"
            ],
            "delegation": [],
            "enforce_private_link_endpoint_network_policies": false,
            "enforce_private_link_service_network_policies": false,
            "id": "/subscriptions/a4eb61eb-ad5f-4518-b379-59eab4d2a97f/resourceGroups/mls-basicrg/providers/Microsoft.Network/virtualNetworks/mls-vnet/subnets/mls-web-subnet",
            "name": "mls-web-subnet",
            "resource_group_name": "mls-basicrg",
            "service_endpoint_policy_ids": [],
            "service_endpoints": [],
            "timeouts": null,
            "virtual_network_name": "mls-vnet"
          },
          "sensitive_attributes": [],
          "private": "eyJlMmJmYjczMC1lY2FhLTExZTYtOGY4OC0zNDM2M2JjN2M0YzAiOnsiY3JlYXRlIjoxODAwMDAwMDAwMDAwLCJkZWxldGUiOjE4MDAwMDAwMDAwMDAsInJlYWQiOjMwMDAwMDAwMDAwMCwidXBkYXRlIjoxODAwMDAwMDAwMDAwfX0=",
          "dependencies": [
            "azurerm_resource_group.basicrg",
            "azurerm_virtual_network.vnet"
          ]
        }
      ]
    },
    {
      "mode": "managed",
      "type": "azurerm_virtual_machine",
      "name": "app-vm",
      "provider": "provider[\"registry.terraform.io/hashicorp/azurerm\"]",
      "instances": [
        {
          "schema_version": 0,
          "attributes": {
            "additional_capabilities": [],
            "availability_set_id": null,
            "boot_diagnostics": [],
            "delete_data_disks_on_termination": false,
            "delete_os_disk_on_termination": false,
            "id": "/subscriptions/a4eb61eb-ad5f-4518-b379-59eab4d2a97f/resourceGroups/mls-basicrg/providers/Microsoft.Compute/virtualMachines/app-vm",
            "identity": [],
            "license_type": null,
            "location": "eastus",
            "name": "app-vm",
            "network_interface_ids": [
              "/subscriptions/a4eb61eb-ad5f-4518-b379-59eab4d2a97f/resourceGroups/mls-basicrg/providers/Microsoft.Network/networkInterfaces/mls-app-nic"
            ],
            "os_profile": [
              {
                "admin_password": "",
                "admin_username": "azureuser",
                "computer_name": "app-vm",
                "custom_data": ""
              }
            ],
            "os_profile_linux_config": [
              {
                "disable_password_authentication": false,
                "ssh_keys": []
              }
            ],
            "os_profile_secrets": [],
            "os_profile_windows_config": [],
            "plan": [],
            "primary_network_interface_id": null,
            "proximity_placement_group_id": null,
            "resource_group_name": "mls-basicrg",
            "storage_data_disk": [],
            "storage_image_reference": [
              {
                "id": "",
                "offer": "UbuntuServer",
                "publisher": "Canonical",
                "sku": "16.04-LTS",
                "version": "latest"
              }
            ],
            "storage_os_disk": [
              {
                "caching": "ReadWrite",
                "create_option": "FromImage",
                "disk_size_gb": 30,
                "image_uri": "",
                "managed_disk_id": "/subscriptions/a4eb61eb-ad5f-4518-b379-59eab4d2a97f/resourceGroups/mls-basicrg/providers/Microsoft.Compute/disks/web-osdisk",
                "managed_disk_type": "Standard_LRS",
                "name": "app-osdisk",
                "os_type": "Linux",
                "vhd_uri": "",
                "write_accelerator_enabled": false
              }
            ],
            "tags": {
              "Business Unit": "IT",
              "Owner": "Tej",
              "environment": "Dev"
            },
            "timeouts": null,
            "vm_size": "Standard_B2ms",
            "zones": []
          },
          "sensitive_attributes": [],
          "private": "eyJlMmJmYjczMC1lY2FhLTExZTYtOGY4OC0zNDM2M2JjN2M0YzAiOnsiY3JlYXRlIjozNjAwMDAwMDAwMDAwLCJkZWxldGUiOjM2MDAwMDAwMDAwMDAsInJlYWQiOjMwMDAwMDAwMDAwMCwidXBkYXRlIjozNjAwMDAwMDAwMDAwfX0=",
          "dependencies": [
            "azurerm_network_interface.app-nic",
            "azurerm_resource_group.basicrg"
          ]
        }
      ]
    },
    {
      "mode": "managed",
      "type": "azurerm_virtual_network",
      "name": "vnet",
      "provider": "provider[\"registry.terraform.io/hashicorp/azurerm\"]",
      "instances": [
        {
          "schema_version": 0,
          "attributes": {
            "address_space": [
              "10.20.0.0/16",
              "10.30.0.0/16"
            ],
            "bgp_community": "",
            "ddos_protection_plan": [],
            "dns_servers": [],
            "guid": "508365b3-75c4-4de1-b76e-1beac990971d",
            "id": "/subscriptions/a4eb61eb-ad5f-4518-b379-59eab4d2a97f/resourceGroups/mls-basicrg/providers/Microsoft.Network/virtualNetworks/mls-vnet",
            "location": "eastus",
            "name": "mls-vnet",
            "resource_group_name": "mls-basicrg",
            "subnet": [
              {
                "address_prefix": "10.20.1.0/24",
                "id": "/subscriptions/a4eb61eb-ad5f-4518-b379-59eab4d2a97f/resourceGroups/mls-basicrg/providers/Microsoft.Network/virtualNetworks/mls-vnet/subnets/mls-bastion-subnet",
                "name": "mls-bastion-subnet",
                "security_group": ""
              },
              {
                "address_prefix": "10.30.1.0/24",
                "id": "/subscriptions/a4eb61eb-ad5f-4518-b379-59eab4d2a97f/resourceGroups/mls-basicrg/providers/Microsoft.Network/virtualNetworks/mls-vnet/subnets/mls-web-subnet",
                "name": "mls-web-subnet",
                "security_group": ""
              },
              {
                "address_prefix": "10.30.2.0/24",
                "id": "/subscriptions/a4eb61eb-ad5f-4518-b379-59eab4d2a97f/resourceGroups/mls-basicrg/providers/Microsoft.Network/virtualNetworks/mls-vnet/subnets/mls-app-subnet",
                "name": "mls-app-subnet",
                "security_group": ""
              }
            ],
            "tags": {
              "Business Unit": "IT",
              "Owner": "Tej",
              "environment": "Dev"
            },
            "timeouts": null,
            "vm_protection_enabled": false
          },
          "sensitive_attributes": [],
          "private": "eyJlMmJmYjczMC1lY2FhLTExZTYtOGY4OC0zNDM2M2JjN2M0YzAiOnsiY3JlYXRlIjoxODAwMDAwMDAwMDAwLCJkZWxldGUiOjE4MDAwMDAwMDAwMDAsInJlYWQiOjMwMDAwMDAwMDAwMCwidXBkYXRlIjoxODAwMDAwMDAwMDAwfX0=",
          "dependencies": [
            "azurerm_resource_group.basicrg"
          ]
        }
      ]
    },
    {
      "mode": "managed",
      "type": "azurerm_windows_virtual_machine",
      "name": "bastion-vm",
      "provider": "provider[\"registry.terraform.io/hashicorp/azurerm\"]",
      "instances": [
        {
          "schema_version": 0,
          "attributes": {
            "additional_capabilities": [],
            "additional_unattend_content": [],
            "admin_password": "P@ssw0rd@123",
            "admin_username": "azureuser",
            "allow_extension_operations": true,
            "availability_set_id": "",
            "boot_diagnostics": [],
            "computer_name": "mls-bastion-vm",
            "custom_data": null,
            "dedicated_host_id": "",
            "enable_automatic_updates": true,
            "encryption_at_host_enabled": false,
            "eviction_policy": "",
            "extensions_time_budget": "PT1H30M",
            "id": "/subscriptions/a4eb61eb-ad5f-4518-b379-59eab4d2a97f/resourceGroups/mls-basicrg/providers/Microsoft.Compute/virtualMachines/mls-bastion-vm",
            "identity": [],
            "license_type": "",
            "location": "eastus",
            "max_bid_price": -1,
            "name": "mls-bastion-vm",
            "network_interface_ids": [
              "/subscriptions/a4eb61eb-ad5f-4518-b379-59eab4d2a97f/resourceGroups/mls-basicrg/providers/Microsoft.Network/networkInterfaces/mls-bastion-nic"
            ],
            "os_disk": [
              {
                "caching": "ReadWrite",
                "diff_disk_settings": [],
                "disk_encryption_set_id": "",
                "disk_size_gb": 127,
                "name": "mls-bastion-vm_disk1_c42f6f7eb6ab4fc68ccffed91ac7fbf5",
                "storage_account_type": "Standard_LRS",
                "write_accelerator_enabled": false
              }
            ],
            "patch_mode": "AutomaticByOS",
            "plan": [],
            "platform_fault_domain": -1,
            "priority": "Regular",
            "private_ip_address": "10.20.1.4",
            "private_ip_addresses": [
              "10.20.1.4"
            ],
            "provision_vm_agent": true,
            "proximity_placement_group_id": "",
            "public_ip_address": "52.152.132.63",
            "public_ip_addresses": [
              "52.152.132.63"
            ],
            "resource_group_name": "mls-basicrg",
            "secret": [],
            "size": "Standard_B2ms",
            "source_image_id": "",
            "source_image_reference": [
              {
                "offer": "WindowsServer",
                "publisher": "MicrosoftWindowsServer",
                "sku": "2019-Datacenter",
                "version": "latest"
              }
            ],
            "tags": {
              "Business Unit": "IT",
              "Owner": "Tej",
              "environment": "Dev"
            },
            "timeouts": null,
            "timezone": "",
            "virtual_machine_id": "5960a3b7-f6cd-465d-a718-ad9c5ae8a816",
            "virtual_machine_scale_set_id": "",
            "winrm_listener": [],
            "zone": ""
          },
          "sensitive_attributes": [],
          "private": "eyJlMmJmYjczMC1lY2FhLTExZTYtOGY4OC0zNDM2M2JjN2M0YzAiOnsiY3JlYXRlIjoyNzAwMDAwMDAwMDAwLCJkZWxldGUiOjI3MDAwMDAwMDAwMDAsInJlYWQiOjMwMDAwMDAwMDAwMCwidXBkYXRlIjoyNzAwMDAwMDAwMDAwfX0=",
          "dependencies": [
            "azurerm_network_interface.bastion-nic",
            "azurerm_resource_group.basicrg"
          ]
        }
      ]
    }
  ]
}
